
Microsoft Visual Studio Solution File, Format Version 12.00
# Visual Studio Version 16
VisualStudioVersion = 16.0.30309.148
MinimumVisualStudioVersion = 10.0.40219.1
Project("{9A19103F-16F7-4668-BE54-9A1E7A4F7556}") = "Prime", "Prime\Prime.csproj", "{53DB14E1-4D8F-43D0-9A9C-E95EB84A8786}"
EndProject
Global
	GlobalSection(SolutionConfigurationPlatforms) = preSolution
		Debug|Any CPU = Debug|Any CPU
		Release|Any CPU = Release|Any CPU
	EndGlobalSection
	GlobalSection(ProjectConfigurationPlatforms) = postSolution
		{53DB14E1-4D8F-43D0-9A9C-E95EB84A8786}.Debug|Any CPU.ActiveCfg = Debug|Any CPU
		{53DB14E1-4D8F-43D0-9A9C-E95EB84A8786}.Debug|Any CPU.Build.0 = Debug|Any CPU
		{53DB14E1-4D8F-43D0-9A9C-E95EB84A8786}.Release|Any CPU.ActiveCfg = Release|Any CPU
		{53DB14E1-4D8F-43D0-9A9C-E95EB84A8786}.Release|Any CPU.Build.0 = Release|Any CPU
	EndGlobalSection
	GlobalSection(SolutionProperties) = preSolution
		HideSolutionNode = FALSE
	EndGlobalSection
	GlobalSection(ExtensibilityGlobals) = postSolution
		SolutionGuid = {AF7F65A7-C338-4959-84A4-0ED70BFEF17A}
	EndGlobalSection
EndGlobal
